// !$*UTF8*$!
{
	archiveVersion = 1;
	classes = {
	};
	objectVersion = 50;
	objects = {

/* Begin PBXBuildFile section */
		4AE904EBE3D38B0E1ED5B619 /* Pods_ApiECHO.framework in Frameworks */ = {isa = PBXBuildFile; fileRef = F58A5CFF1D217F4C195589E9 /* Pods_ApiECHO.framework */; };
		DD0C6807214AA39100F040D4 /* AppDelegate.swift in Sources */ = {isa = PBXBuildFile; fileRef = DD0C6806214AA39100F040D4 /* AppDelegate.swift */; };
		DD0C6809214AA39100F040D4 /* LoginViewController.swift in Sources */ = {isa = PBXBuildFile; fileRef = DD0C6808214AA39100F040D4 /* LoginViewController.swift */; };
		DD0C680C214AA39100F040D4 /* Main.storyboard in Resources */ = {isa = PBXBuildFile; fileRef = DD0C680A214AA39100F040D4 /* Main.storyboard */; };
		DD0C680E214AA39100F040D4 /* Assets.xcassets in Resources */ = {isa = PBXBuildFile; fileRef = DD0C680D214AA39100F040D4 /* Assets.xcassets */; };
		DD0C6811214AA39100F040D4 /* LaunchScreen.storyboard in Resources */ = {isa = PBXBuildFile; fileRef = DD0C680F214AA39100F040D4 /* LaunchScreen.storyboard */; };
		DD0C6819214AA49C00F040D4 /* ApiECHO.swift in Sources */ = {isa = PBXBuildFile; fileRef = DD0C6818214AA49C00F040D4 /* ApiECHO.swift */; };
		DD15A8F0214AE43A004DA03A /* TextViewController.swift in Sources */ = {isa = PBXBuildFile; fileRef = DD15A8EF214AE43A004DA03A /* TextViewController.swift */; };
/* End PBXBuildFile section */

/* Begin PBXFileReference section */
		310928AF885DE456998B22D6 /* Pods-ApiECHO.release.xcconfig */ = {isa = PBXFileReference; includeInIndex = 1; lastKnownFileType = text.xcconfig; name = "Pods-ApiECHO.release.xcconfig"; path = "Pods/Target Support Files/Pods-ApiECHO/Pods-ApiECHO.release.xcconfig"; sourceTree = "<group>"; };
		4DAEA97310EDED7E25E6FFE5 /* Pods-ApiECHO.debug.xcconfig */ = {isa = PBXFileReference; includeInIndex = 1; lastKnownFileType = text.xcconfig; name = "Pods-ApiECHO.debug.xcconfig"; path = "Pods/Target Support Files/Pods-ApiECHO/Pods-ApiECHO.debug.xcconfig"; sourceTree = "<group>"; };
		DD0C6803214AA39100F040D4 /* ApiECHO.app */ = {isa = PBXFileReference; explicitFileType = wrapper.application; includeInIndex = 0; path = ApiECHO.app; sourceTree = BUILT_PRODUCTS_DIR; };
		DD0C6806214AA39100F040D4 /* AppDelegate.swift */ = {isa = PBXFileReference; lastKnownFileType = sourcecode.swift; path = AppDelegate.swift; sourceTree = "<group>"; };
		DD0C6808214AA39100F040D4 /* LoginViewController.swift */ = {isa = PBXFileReference; lastKnownFileType = sourcecode.swift; path = LoginViewController.swift; sourceTree = "<group>"; };
		DD0C680B214AA39100F040D4 /* Base */ = {isa = PBXFileReference; lastKnownFileType = file.storyboard; name = Base; path = Base.lproj/Main.storyboard; sourceTree = "<group>"; };
		DD0C680D214AA39100F040D4 /* Assets.xcassets */ = {isa = PBXFileReference; lastKnownFileType = folder.assetcatalog; path = Assets.xcassets; sourceTree = "<group>"; };
		DD0C6810214AA39100F040D4 /* Base */ = {isa = PBXFileReference; lastKnownFileType = file.storyboard; name = Base; path = Base.lproj/LaunchScreen.storyboard; sourceTree = "<group>"; };
		DD0C6812214AA39100F040D4 /* Info.plist */ = {isa = PBXFileReference; lastKnownFileType = text.plist.xml; path = Info.plist; sourceTree = "<group>"; };
		DD0C6818214AA49C00F040D4 /* ApiECHO.swift */ = {isa = PBXFileReference; lastKnownFileType = sourcecode.swift; name = ApiECHO.swift; path = "/Users/vitaliihavryliuk/iOS/My Projects/ApiECHO/ApiECHO/ApiECHO.swift"; sourceTree = "<absolute>"; };
		DD15A8EF214AE43A004DA03A /* TextViewController.swift */ = {isa = PBXFileReference; lastKnownFileType = sourcecode.swift; path = TextViewController.swift; sourceTree = "<group>"; };
		F58A5CFF1D217F4C195589E9 /* Pods_ApiECHO.framework */ = {isa = PBXFileReference; explicitFileType = wrapper.framework; includeInIndex = 0; path = Pods_ApiECHO.framework; sourceTree = BUILT_PRODUCTS_DIR; };
/* End PBXFileReference section */

/* Begin PBXFrameworksBuildPhase section */
		DD0C6800214AA39100F040D4 /* Frameworks */ = {
			isa = PBXFrameworksBuildPhase;
			buildActionMask = 2147483647;
			files = (
				4AE904EBE3D38B0E1ED5B619 /* Pods_ApiECHO.framework in Frameworks */,
			);
			runOnlyForDeploymentPostprocessing = 0;
		};
/* End PBXFrameworksBuildPhase section */

/* Begin PBXGroup section */
		8ECBC6D02E699BEC12AE5BF4 /* Frameworks */ = {
			isa = PBXGroup;
			children = (
				F58A5CFF1D217F4C195589E9 /* Pods_ApiECHO.framework */,
			);
			name = Frameworks;
			sourceTree = "<group>";
		};
		CD6A3C2BF3DB3CC5F9AF3C69 /* Pods */ = {
			isa = PBXGroup;
			children = (
				4DAEA97310EDED7E25E6FFE5 /* Pods-ApiECHO.debug.xcconfig */,
				310928AF885DE456998B22D6 /* Pods-ApiECHO.release.xcconfig */,
			);
			name = Pods;
			sourceTree = "<group>";
		};
		DD0C67FA214AA39100F040D4 = {
			isa = PBXGroup;
			children = (
				DD0C6805214AA39100F040D4 /* ApiECHO */,
				DD0C6804214AA39100F040D4 /* Products */,
				CD6A3C2BF3DB3CC5F9AF3C69 /* Pods */,
				8ECBC6D02E699BEC12AE5BF4 /* Frameworks */,
			);
			sourceTree = "<group>";
		};
		DD0C6804214AA39100F040D4 /* Products */ = {
			isa = PBXGroup;
			children = (
				DD0C6803214AA39100F040D4 /* ApiECHO.app */,
			);
			name = Products;
			sourceTree = "<group>";
		};
		DD0C6805214AA39100F040D4 /* ApiECHO */ = {
			isa = PBXGroup;
			children = (
				DD0C6806214AA39100F040D4 /* AppDelegate.swift */,
				DD0C6818214AA49C00F040D4 /* ApiECHO.swift */,
				DD0C6808214AA39100F040D4 /* LoginViewController.swift */,
				DD15A8EF214AE43A004DA03A /* TextViewController.swift */,
				DD0C680A214AA39100F040D4 /* Main.storyboard */,
				DD0C680D214AA39100F040D4 /* Assets.xcassets */,
				DD0C680F214AA39100F040D4 /* LaunchScreen.storyboard */,
				DD0C6812214AA39100F040D4 /* Info.plist */,
			);
			path = ApiECHO;
			sourceTree = "<group>";
		};
/* End PBXGroup section */

/* Begin PBXNativeTarget section */
		DD0C6802214AA39100F040D4 /* ApiECHO */ = {
			isa = PBXNativeTarget;
			buildConfigurationList = DD0C6815214AA39100F040D4 /* Build configuration list for PBXNativeTarget "ApiECHO" */;
			buildPhases = (
				97AAF549CB5B3F662AF89216 /* [CP] Check Pods Manifest.lock */,
				DD0C67FF214AA39100F040D4 /* Sources */,
				DD0C6800214AA39100F040D4 /* Frameworks */,
				DD0C6801214AA39100F040D4 /* Resources */,
				76DA732224691CE43321CF59 /* [CP] Embed Pods Frameworks */,
			);
			buildRules = (
			);
			dependencies = (
			);
			name = ApiECHO;
			productName = ApiECHO;
			productReference = DD0C6803214AA39100F040D4 /* ApiECHO.app */;
			productType = "com.apple.product-type.application";
		};
/* End PBXNativeTarget section */

/* Begin PBXProject section */
		DD0C67FB214AA39100F040D4 /* Project object */ = {
			isa = PBXProject;
			attributes = {
				LastSwiftUpdateCheck = 1000;
				LastUpgradeCheck = 1000;
				ORGANIZATIONNAME = "Vitalii Havryliuk";
				TargetAttributes = {
					DD0C6802214AA39100F040D4 = {
						CreatedOnToolsVersion = 10.0;
					};
				};
			};
			buildConfigurationList = DD0C67FE214AA39100F040D4 /* Build configuration list for PBXProject "ApiECHO" */;
			compatibilityVersion = "Xcode 9.3";
			developmentRegion = en;
			hasScannedForEncodings = 0;
			knownRegions = (
				en,
				Base,
			);
			mainGroup = DD0C67FA214AA39100F040D4;
			productRefGroup = DD0C6804214AA39100F040D4 /* Products */;
			projectDirPath = "";
			projectRoot = "";
			targets = (
				DD0C6802214AA39100F040D4 /* ApiECHO */,
			);
		};
/* End PBXProject section */

/* Begin PBXResourcesBuildPhase section */
		DD0C6801214AA39100F040D4 /* Resources */ = {
			isa = PBXResourcesBuildPhase;
			buildActionMask = 2147483647;
			files = (
				DD0C6811214AA39100F040D4 /* LaunchScreen.storyboard in Resources */,
				DD0C680E214AA39100F040D4 /* Assets.xcassets in Resources */,
				DD0C680C214AA39100F040D4 /* Main.storyboard in Resources */,
			);
			runOnlyForDeploymentPostprocessing = 0;
		};
/* End PBXResourcesBuildPhase section */

/* Begin PBXShellScriptBuildPhase section */
		76DA732224691CE43321CF59 /* [CP] Embed Pods Frameworks */ = {
			isa = PBXShellScriptBuildPhase;
			buildActionMask = 2147483647;
			files = (
			);
			inputPaths = (
				"${SRCROOT}/Pods/Target Support Files/Pods-ApiECHO/Pods-ApiECHO-frameworks.sh",
				"${BUILT_PRODUCTS_DIR}/Alamofire/Alamofire.framework",
				"${BUILT_PRODUCTS_DIR}/SwiftyJSON/SwiftyJSON.framework",
			);
			name = "[CP] Embed Pods Frameworks";
			outputPaths = (
				"${TARGET_BUILD_DIR}/${FRAMEWORKS_FOLDER_PATH}/Alamofire.framework",
				"${TARGET_BUILD_DIR}/${FRAMEWORKS_FOLDER_PATH}/SwiftyJSON.framework",
			);
			runOnlyForDeploymentPostprocessing = 0;
			shellPath = /bin/sh;
			shellScript = "\"${SRCROOT}/Pods/Target Support Files/Pods-ApiECHO/Pods-ApiECHO-frameworks.sh\"\n";
			showEnvVarsInLog = 0;
		};
		97AAF549CB5B3F662AF89216 /* [CP] Check Pods Manifest.lock */ = {
			isa = PBXShellScriptBuildPhase;
			buildActionMask = 2147483647;
			files = (
			);
			inputPaths = (
				"${PODS_PODFILE_DIR_PATH}/Podfile.lock",
				"${PODS_ROOT}/Manifest.lock",
			);
			name = "[CP] Check Pods Manifest.lock";
			outputPaths = (
				"$(DERIVED_FILE_DIR)/Pods-ApiECHO-checkManifestLockResult.txt",
			);
			runOnlyForDeploymentPostprocessing = 0;
			shellPath = /bin/sh;
			shellScript = "diff \"${PODS_PODFILE_DIR_PATH}/Podfile.lock\" \"${PODS_ROOT}/Manifest.lock\" > /dev/null\nif [ $? != 0 ] ; then\n    # print error to STDERR\n    echo \"error: The sandbox is not in sync with the Podfile.lock. Run 'pod install' or update your CocoaPods installation.\" >&2\n    exit 1\nfi\n# This output is used by Xcode 'outputs' to avoid re-running this script phase.\necho \"SUCCESS\" > \"${SCRIPT_OUTPUT_FILE_0}\"\n";
			showEnvVarsInLog = 0;
		};
/* End PBXShellScriptBuildPhase section */

/* Begin PBXSourcesBuildPhase section */
		DD0C67FF214AA39100F040D4 /* Sources */ = {
			isa = PBXSourcesBuildPhase;
			buildActionMask = 2147483647;
			files = (
				DD0C6809214AA39100F040D4 /* LoginViewController.swift in Sources */,
				DD0C6807214AA39100F040D4 /* AppDelegate.swift in Sources */,
				DD0C6819214AA49C00F040D4 /* ApiECHO.swift in Sources */,
				DD15A8F0214AE43A004DA03A /* TextViewController.swift in Sources */,
			);
			runOnlyForDeploymentPostprocessing = 0;
		};
/* End PBXSourcesBuildPhase section */

/* Begin PBXVariantGroup section */
		DD0C680A214AA39100F040D4 /* Main.storyboard */ = {
			isa = PBXVariantGroup;
			children = (
				DD0C680B214AA39100F040D4 /* Base */,
			);
			name = Main.storyboard;
			sourceTree = "<group>";
		};
		DD0C680F214AA39100F040D4 /* LaunchScreen.storyboard */ = {
			isa = PBXVariantGroup;
			children = (
				DD0C6810214AA39100F040D4 /* Base */,
			);
			name = LaunchScreen.storyboard;
			sourceTree = "<group>";
		};
/* End PBXVariantGroup section */

/* Begin XCBuildConfiguration section */
		DD0C6813214AA39100F040D4 /* Debug */ = {
			isa = XCBuildConfiguration;
			buildSettings = {
				ALWAYS_SEARCH_USER_PATHS = NO;
				CLANG_ANALYZER_NONNULL = YES;
				CLANG_ANALYZER_NUMBER_OBJECT_CONVERSION = YES_AGGRESSIVE;
				CLANG_CXX_LANGUAGE_STANDARD = "gnu++14";
				CLANG_CXX_LIBRARY = "libc++";
				CLANG_ENABLE_MODULES = YES;
				CLANG_ENABLE_OBJC_ARC = YES;
				CLANG_ENABLE_OBJC_WEAK = YES;
				CLANG_WARN_BLOCK_CAPTURE_AUTORELEASING = YES;
				CLANG_WARN_BOOL_CONVERSION = YES;
				CLANG_WARN_COMMA = YES;
				CLANG_WARN_CONSTANT_CONVERSION = YES;
				CLANG_WARN_DEPRECATED_OBJC_IMPLEMENTATIONS = YES;
				CLANG_WARN_DIRECT_OBJC_ISA_USAGE = YES_ERROR;
				CLANG_WARN_DOCUMENTATION_COMMENTS = YES;
				CLANG_WARN_EMPTY_BODY = YES;
				CLANG_WARN_ENUM_CONVERSION = YES;
				CLANG_WARN_INFINITE_RECURSION = YES;
				CLANG_WARN_INT_CONVERSION = YES;
				CLANG_WARN_NON_LITERAL_NULL_CONVERSION = YES;
				CLANG_WARN_OBJC_IMPLICIT_RETAIN_SELF = YES;
				CLANG_WARN_OBJC_LITERAL_CONVERSION = YES;
				CLANG_WARN_OBJC_ROOT_CLASS = YES_ERROR;
				CLANG_WARN_RANGE_LOOP_ANALYSIS = YES;
				CLANG_WARN_STRICT_PROTOTYPES = YES;
				CLANG_WARN_SUSPICIOUS_MOVE = YES;
				CLANG_WARN_UNGUARDED_AVAILABILITY = YES_AGGRESSIVE;
				CLANG_WARN_UNREACHABLE_CODE = YES;
				CLANG_WARN__DUPLICATE_METHOD_MATCH = YES;
				CODE_SIGN_IDENTITY = "iPhone Developer";
				COPY_PHASE_STRIP = NO;
				DEBUG_INFORMATION_FORMAT = dwarf;
				ENABLE_STRICT_OBJC_MSGSEND = YES;
				ENABLE_TESTABILITY = YES;
				GCC_C_LANGUAGE_STANDARD = gnu11;
				GCC_DYNAMIC_NO_PIC = NO;
				GCC_NO_COMMON_BLOCKS = YES;
				GCC_OPTIMIZATION_LEVEL = 0;
				GCC_PREPROCESSOR_DEFINITIONS = (
					"DEBUG=1",
					"$(inherited)",
				);
				GCC_WARN_64_TO_32_BIT_CONVERSION = YES;
				GCC_WARN_ABOUT_RETURN_TYPE = YES_ERROR;
				GCC_WARN_UNDECLARED_SELECTOR = YES;
				GCC_WARN_UNINITIALIZED_AUTOS = YES_AGGRESSIVE;
				GCC_WARN_UNUSED_FUNCTION = YES;
				GCC_WARN_UNUSED_VARIABLE = YES;
				IPHONEOS_DEPLOYMENT_TARGET = 12.0;
				MTL_ENABLE_DEBUG_INFO = INCLUDE_SOURCE;
				MTL_FAST_MATH = YES;
				ONLY_ACTIVE_ARCH = YES;
				SDKROOT = iphoneos;
				SWIFT_ACTIVE_COMPILATION_CONDITIONS = DEBUG;
				SWIFT_OPTIMIZATION_LEVEL = "-Onone";
			};
			name = Debug;
		};
		DD0C6814214AA39100F040D4 /* Release */ = {
			isa = XCBuildConfiguration;
			buildSettings = {
				ALWAYS_SEARCH_USER_PATHS = NO;
				CLANG_ANALYZER_NONNULL = YES;
				CLANG_ANALYZER_NUMBER_OBJECT_CONVERSION = YES_AGGRESSIVE;
				CLANG_CXX_LANGUAGE_STANDARD = "gnu++14";
				CLANG_CXX_LIBRARY = "libc++";
				CLANG_ENABLE_MODULES = YES;
				CLANG_ENABLE_OBJC_ARC = YES;
				CLANG_ENABLE_OBJC_WEAK = YES;
				CLANG_WARN_BLOCK_CAPTURE_AUTORELEASING = YES;
				CLANG_WARN_BOOL_CONVERSION = YES;
				CLANG_WARN_COMMA = YES;
				CLANG_WARN_CONSTANT_CONVERSION = YES;
				CLANG_WARN_DEPRECATED_OBJC_IMPLEMENTATIONS = YES;
				CLANG_WARN_DIRECT_OBJC_ISA_USAGE = YES_ERROR;
				CLANG_WARN_DOCUMENTATION_COMMENTS = YES;
				CLANG_WARN_EMPTY_BODY = YES;
				CLANG_WARN_ENUM_CONVERSION = YES;
				CLANG_WARN_INFINITE_RECURSION = YES;
				CLANG_WARN_INT_CONVERSION = YES;
				CLANG_WARN_NON_LITERAL_NULL_CONVERSION = YES;
				CLANG_WARN_OBJC_IMPLICIT_RETAIN_SELF = YES;
				CLANG_WARN_OBJC_LITERAL_CONVERSION = YES;
				CLANG_WARN_OBJC_ROOT_CLASS = YES_ERROR;
				CLANG_WARN_RANGE_LOOP_ANALYSIS = YES;
				CLANG_WARN_STRICT_PROTOTYPES = YES;
				CLANG_WARN_SUSPICIOUS_MOVE = YES;
				CLANG_WARN_UNGUARDED_AVAILABILITY = YES_AGGRESSIVE;
				CLANG_WARN_UNREACHABLE_CODE = YES;
				CLANG_WARN__DUPLICATE_METHOD_MATCH = YES;
				CODE_SIGN_IDENTITY = "iPhone Developer";
				COPY_PHASE_STRIP = NO;
				DEBUG_INFORMATION_FORMAT = "dwarf-with-dsym";
				ENABLE_NS_ASSERTIONS = NO;
				ENABLE_STRICT_OBJC_MSGSEND = YES;
				GCC_C_LANGUAGE_STANDARD = gnu11;
				GCC_NO_COMMON_BLOCKS = YES;
				GCC_WARN_64_TO_32_BIT_CONVERSION = YES;
				GCC_WARN_ABOUT_RETURN_TYPE = YES_ERROR;
				GCC_WARN_UNDECLARED_SELECTOR = YES;
				GCC_WARN_UNINITIALIZED_AUTOS = YES_AGGRESSIVE;
				GCC_WARN_UNUSED_FUNCTION = YES;
				GCC_WARN_UNUSED_VARIABLE = YES;
				IPHONEOS_DEPLOYMENT_TARGET = 12.0;
				MTL_ENABLE_DEBUG_INFO = NO;
				MTL_FAST_MATH = YES;
				SDKROOT = iphoneos;
				SWIFT_COMPILATION_MODE = wholemodule;
				SWIFT_OPTIMIZATION_LEVEL = "-O";
				VALIDATE_PRODUCT = YES;
			};
			name = Release;
		};
		DD0C6816214AA39100F040D4 /* Debug */ = {
			isa = XCBuildConfiguration;
			baseConfigurationReference = 4DAEA97310EDED7E25E6FFE5 /* Pods-ApiECHO.debug.xcconfig */;
			buildSettings = {
				ASSETCATALOG_COMPILER_APPICON_NAME = AppIcon;
				CODE_SIGN_STYLE = Automatic;
				DEVELOPMENT_TEAM = 2SWL59DHLX;
				INFOPLIST_FILE = ApiECHO/Info.plist;
				LD_RUNPATH_SEARCH_PATHS = (
					"$(inherited)",
					"@executable_path/Frameworks",
				);
				PRODUCT_BUNDLE_IDENTIFIER = hvrlk.ApiECHO;
				PRODUCT_NAME = "$(TARGET_NAME)";
				SWIFT_VERSION = 4.2;
				TARGETED_DEVICE_FAMILY = "1,2";
			};
			name = Debug;
		};
		DD0C6817214AA39100F040D4 /* Release */ = {
			isa = XCBuildConfiguration;
			baseConfigurationReference = 310928AF885DE456998B22D6 /* Pods-ApiECHO.release.xcconfig */;
			buildSettings = {
				ASSETCATALOG_COMPILER_APPICON_NAME = AppIcon;
				CODE_SIGN_STYLE = Automatic;
				DEVELOPMENT_TEAM = 2SWL59DHLX;
				INFOPLIST_FILE = ApiECHO/Info.plist;
				LD_RUNPATH_SEARCH_PATHS = (
					"$(inherited)",
					"@executable_path/Frameworks",
				);
				PRODUCT_BUNDLE_IDENTIFIER = hvrlk.ApiECHO;
				PRODUCT_NAME = "$(TARGET_NAME)";
				SWIFT_VERSION = 4.2;
				TARGETED_DEVICE_FAMILY = "1,2";
			};
			name = Release;
		};
/* End XCBuildConfiguration section */

/* Begin XCConfigurationList section */
		DD0C67FE214AA39100F040D4 /* Build configuration list for PBXProject "ApiECHO" */ = {
			isa = XCConfigurationList;
			buildConfigurations = (
				DD0C6813214AA39100F040D4 /* Debug */,
				DD0C6814214AA39100F040D4 /* Release */,
			);
			defaultConfigurationIsVisible = 0;
			defaultConfigurationName = Release;
		};
		DD0C6815214AA39100F040D4 /* Build configuration list for PBXNativeTarget "ApiECHO" */ = {
			isa = XCConfigurationList;
			buildConfigurations = (
				DD0C6816214AA39100F040D4 /* Debug */,
				DD0C6817214AA39100F040D4 /* Release */,
			);
			defaultConfigurationIsVisible = 0;
			defaultConfigurationName = Release;
		};
/* End XCConfigurationList section */
	};
	rootObject = DD0C67FB214AA39100F040D4 /* Project object */;
}
